
Microsoft Visual Studio Solution File, Format Version 12.00
# Visual Studio Version 16
VisualStudioVersion = 16.0.30804.86
MinimumVisualStudioVersion = 10.0.40219.1
Project("{9A19103F-16F7-4668-BE54-9A1E7A4F7556}") = "LevelImposter", "LevelImposter\LevelImposter.csproj", "{11FBC798-BAF5-4EE5-9511-BE6DB0592F99}"
EndProject
Global
	GlobalSection(SolutionConfigurationPlatforms) = preSolution
		Debug|Any CPU = Debug|Any CPU
		Debug|x86 = Debug|x86
		Release|Any CPU = Release|Any CPU
		Release|x86 = Release|x86
	EndGlobalSection
	GlobalSection(ProjectConfigurationPlatforms) = postSolution
		{11FBC798-BAF5-4EE5-9511-BE6DB0592F99}.Debug|Any CPU.ActiveCfg = Debug|Any CPU
		{11FBC798-BAF5-4EE5-9511-BE6DB0592F99}.Debug|Any CPU.Build.0 = Debug|Any CPU
		{11FBC798-BAF5-4EE5-9511-BE6DB0592F99}.Debug|x86.ActiveCfg = Debug|Any CPU
		{11FBC798-BAF5-4EE5-9511-BE6DB0592F99}.Release|Any CPU.ActiveCfg = Release|Any CPU
		{11FBC798-BAF5-4EE5-9511-BE6DB0592F99}.Release|Any CPU.Build.0 = Release|Any CPU
		{11FBC798-BAF5-4EE5-9511-BE6DB0592F99}.Release|x86.ActiveCfg = Release|Any CPU
	EndGlobalSection
	GlobalSection(SolutionProperties) = preSolution
		HideSolutionNode = FALSE
	EndGlobalSection
	GlobalSection(ExtensibilityGlobals) = postSolution
		SolutionGuid = {900EDCA2-9009-41C6-AD8B-05F615316F09}
	EndGlobalSection
EndGlobal
